hash: 98d7449c089ce6f4ba2eabcc9afcca22210cb44fb4dd870f9646f891465bc348
updated: 2016-12-23T10:08:23.862647944-06:00
imports:
- name: github.com/datianshi/rest-func
  version: e86d2b5c31a91b86c6fca7f6a25993151e2f6e07
  subpackages:
  - rest
  - barfile
- name: github.com/golang/protobuf
  version: 8ee79997227bf9b34611aee7946ae64735e6fd93
  subpackages:
  - proto
- name: github.com/mattn/go-runewidth
  version: 737072b4e32b7a5018b4a7125da8d12de90e8045
- name: github.com/onsi/ginkgo
  version: e185767ab450dd717718019ebe6115112af5c575
- name: github.com/onsi/gomega
  version: f1f0f388b31eca4e2cbe7a6dd8a3a1dfddda5b1c
  subpackages:
  - internal/assertion
  - internal/asyncassertion
  - internal/testingtsupport
  - matchers
  - types
  - internal/oraclematcher
  - format
  - matchers/support/goraph/bipartitegraph
  - matchers/support/goraph/edge
  - matchers/support/goraph/node
  - matchers/support/goraph/util
- name: gopkg.in/cheggaaa/pb.v1
  version: d7e6ca3010b6f084d8056847f55d7f572f180678
- name: gopkg.in/urfave/cli.v2
  version: e485446237011b8abac93919242e6f059ad56c87
- name: gopkg.in/yaml.v2
  version: a5b47d31c556af34a302ce5d659e6fea44d90de0
devImports: []
